{
  "name": "assignment",
  "version": "1.0.0",
  "lockfileVersion": 1,
  "requires": true,
  "dependencies": {
    "nanoid": {
      "version": "3.1.28",
      "resolved": "https://registry.npmjs.org/nanoid/-/nanoid-3.1.28.tgz",
      "integrity": "sha512-gSu9VZ2HtmoKYe/lmyPFES5nknFrHa+/DT9muUFWFMi6Jh9E1I7bkvlQ8xxf1Kos9pi9o8lBnIOkatMhKX/YUw=="
    }
  }
}
